// !$*UTF8*$!
{
	archiveVersion = 1;
	classes = {
	};
	objectVersion = 56;
	objects = {

/* Begin PBXBuildFile section */
		AAA0000001 /* StarMateApp.swift in Sources */ = {isa = PBXBuildFile; fileRef = AAA0000002 /* StarMateApp.swift */; };
		AAA0000003 /* ContentView.swift in Sources */ = {isa = PBXBuildFile; fileRef = AAA0000004 /* ContentView.swift */; };
		AAA0000005 /* ColorScheme.swift in Sources */ = {isa = PBXBuildFile; fileRef = AAA0000006 /* ColorScheme.swift */; };
		AAA0000007 /* AppTheme.swift in Sources */ = {isa = PBXBuildFile; fileRef = AAA0000008 /* AppTheme.swift */; };
		AAA0000009 /* DeviceModels.swift in Sources */ = {isa = PBXBuildFile; fileRef = AAA0000010 /* DeviceModels.swift */; };
		AAA0000011 /* CallModels.swift in Sources */ = {isa = PBXBuildFile; fileRef = AAA0000012 /* CallModels.swift */; };
		AAA0000013 /* SMSModels.swift in Sources */ = {isa = PBXBuildFile; fileRef = AAA0000014 /* SMSModels.swift */; };
		AAA0000015 /* OTAModels.swift in Sources */ = {isa = PBXBuildFile; fileRef = AAA0000016 /* OTAModels.swift */; };
		AAA0000017 /* BleManagerImpl.swift in Sources */ = {isa = PBXBuildFile; fileRef = AAA0000066 /* BleManagerImpl.swift */; };
		AAA0000019 /* CallManager.swift in Sources */ = {isa = PBXBuildFile; fileRef = AAA0000020 /* CallManager.swift */; };
		AAA0000021 /* SMSManager.swift in Sources */ = {isa = PBXBuildFile; fileRef = AAA0000022 /* SMSManager.swift */; };
		AAA0000023 /* HomeView.swift in Sources */ = {isa = PBXBuildFile; fileRef = AAA0000024 /* HomeView.swift */; };
		AAA0000025 /* DialerView.swift in Sources */ = {isa = PBXBuildFile; fileRef = AAA0000026 /* DialerView.swift */; };
		AAA0000027 /* SMSView.swift in Sources */ = {isa = PBXBuildFile; fileRef = AAA0000028 /* SMSView.swift */; };
		AAA0000029 /* SettingsView.swift in Sources */ = {isa = PBXBuildFile; fileRef = AAA0000030 /* SettingsView.swift */; };
		AAA0000061 /* BluetoothService.swift in Sources */ = {isa = PBXBuildFile; fileRef = AAA0000062 /* BluetoothService.swift */; };
/* End PBXBuildFile section */

/* Begin PBXFileReference section */
		AAA0000002 /* StarMateApp.swift */ = {isa = PBXFileReference; lastKnownFileType = sourcecode.swift; path = StarMateApp.swift; sourceTree = "<group>"; };
		AAA0000004 /* ContentView.swift */ = {isa = PBXFileReference; lastKnownFileType = sourcecode.swift; path = ContentView.swift; sourceTree = "<group>"; };
		AAA0000006 /* ColorScheme.swift */ = {isa = PBXFileReference; lastKnownFileType = sourcecode.swift; path = ColorScheme.swift; sourceTree = "<group>"; };
		AAA0000008 /* AppTheme.swift */ = {isa = PBXFileReference; lastKnownFileType = sourcecode.swift; path = AppTheme.swift; sourceTree = "<group>"; };
		AAA0000010 /* DeviceModels.swift */ = {isa = PBXFileReference; lastKnownFileType = sourcecode.swift; path = DeviceModels.swift; sourceTree = "<group>"; };
		AAA0000012 /* CallModels.swift */ = {isa = PBXFileReference; lastKnownFileType = sourcecode.swift; path = CallModels.swift; sourceTree = "<group>"; };
		AAA0000014 /* SMSModels.swift */ = {isa = PBXFileReference; lastKnownFileType = sourcecode.swift; path = SMSModels.swift; sourceTree = "<group>"; };
		AAA0000016 /* OTAModels.swift */ = {isa = PBXFileReference; lastKnownFileType = sourcecode.swift; path = OTAModels.swift; sourceTree = "<group>"; };
		AAA0000066 /* BleManagerImpl.swift */ = {isa = PBXFileReference; lastKnownFileType = sourcecode.swift; path = Data/Services/BleManagerImpl.swift; sourceTree = "<group>"; };
		AAA0000020 /* CallManager.swift */ = {isa = PBXFileReference; lastKnownFileType = sourcecode.swift; path = CallManager.swift; sourceTree = "<group>"; };
		AAA0000022 /* SMSManager.swift */ = {isa = PBXFileReference; lastKnownFileType = sourcecode.swift; path = SMSManager.swift; sourceTree = "<group>"; };
		AAA0000024 /* HomeView.swift */ = {isa = PBXFileReference; lastKnownFileType = sourcecode.swift; path = HomeView.swift; sourceTree = "<group>"; };
		AAA0000026 /* DialerView.swift */ = {isa = PBXFileReference; lastKnownFileType = sourcecode.swift; path = DialerView.swift; sourceTree = "<group>"; };
		AAA0000028 /* SMSView.swift */ = {isa = PBXFileReference; lastKnownFileType = sourcecode.swift; path = SMSView.swift; sourceTree = "<group>"; };
		AAA0000030 /* SettingsView.swift */ = {isa = PBXFileReference; lastKnownFileType = sourcecode.swift; path = SettingsView.swift; sourceTree = "<group>"; };
		AAA0000062 /* BluetoothService.swift */ = {isa = PBXFileReference; lastKnownFileType = sourcecode.swift; path = BluetoothService.swift; sourceTree = "<group>"; };
		AAA0000031 /* Info.plist */ = {isa = PBXFileReference; lastKnownFileType = text.plist.xml; path = Info.plist; sourceTree = "<group>"; };
		AAA0000032 /* StarMateApp.entitlements */ = {isa = PBXFileReference; lastKnownFileType = text.plist.entitlements; path = StarMateApp.entitlements; sourceTree = "<group>"; };
		AAA0000033 /* StarMate.app */ = {isa = PBXFileReference; explicitFileType = wrapper.application; includeInIndex = 0; path = StarMate.app; sourceTree = BUILT_PRODUCTS_DIR; };
/* End PBXFileReference section */

/* Begin PBXFrameworksBuildPhase section */
		AAA0000034 /* Frameworks */ = {
			isa = PBXFrameworksBuildPhase;
			buildActionMask = 2147483647;
			files = (
			);
			runOnlyForDeploymentPostprocessing = 0;
		};
/* End PBXFrameworksBuildPhase section */

/* Begin PBXGroup section */
		AAA0000035 = {
			isa = PBXGroup;
			children = (
				AAA0000036 /* StarMate */,
				AAA0000037 /* Products */,
			);
			sourceTree = "<group>";
		};
		AAA0000036 /* StarMate */ = {
			isa = PBXGroup;
			children = (
				AAA0000002 /* StarMateApp.swift */,
				AAA0000004 /* ContentView.swift */,
				AAA0000031 /* Info.plist */,
				AAA0000032 /* StarMateApp.entitlements */,
				AAA0000038 /* Theme */,
				AAA0000039 /* Models */,
				AAA0000040 /* Services */,
				AAA0000041 /* Views */,
			);
			path = "Sources/StarMate";
			sourceTree = "<group>";
		};
		AAA0000037 /* Products */ = {
			isa = PBXGroup;
			children = (
				AAA0000033 /* StarMate.app */,
			);
			name = Products;
			sourceTree = "<group>";
		};
		AAA0000038 /* Theme */ = {
			isa = PBXGroup;
			children = (
				AAA0000006 /* ColorScheme.swift */,
				AAA0000008 /* AppTheme.swift */,
			);
			path = Theme;
			sourceTree = "<group>";
		};
		AAA0000039 /* Models */ = {
			isa = PBXGroup;
			children = (
				AAA0000010 /* DeviceModels.swift */,
				AAA0000012 /* CallModels.swift */,
				AAA0000014 /* SMSModels.swift */,
				AAA0000016 /* OTAModels.swift */,
			);
			path = Models;
			sourceTree = "<group>";
		};
		AAA0000040 /* Services */ = {
			isa = PBXGroup;
			children = (
				AAA0000066 /* BleManagerImpl.swift */,
				AAA0000020 /* CallManager.swift */,
				AAA0000022 /* SMSManager.swift */,
				AAA0000062 /* BluetoothService.swift */,
			);
			path = Services;
			sourceTree = "<group>";
		};
		AAA0000041 /* Views */ = {
			isa = PBXGroup;
			children = (
				AAA0000042 /* Home */,
				AAA0000043 /* Dialer */,
				AAA0000044 /* SMS */,
				AAA0000045 /* Settings */,
			);
			path = Views;
			sourceTree = "<group>";
		};
		AAA0000042 /* Home */ = {
			isa = PBXGroup;
			children = (
				AAA0000024 /* HomeView.swift */,
			);
			path = Home;
			sourceTree = "<group>";
		};
		AAA0000043 /* Dialer */ = {
			isa = PBXGroup;
			children = (
				AAA0000026 /* DialerView.swift */,
			);
			path = Dialer;
			sourceTree = "<group>";
		};
		AAA0000044 /* SMS */ = {
			isa = PBXGroup;
			children = (
				AAA0000028 /* SMSView.swift */,
			);
			path = SMS;
			sourceTree = "<group>";
		};
		AAA0000045 /* Settings */ = {
			isa = PBXGroup;
			children = (
				AAA0000030 /* SettingsView.swift */,
			);
			path = Settings;
			sourceTree = "<group>";
		};
/* End PBXGroup section */

/* Begin PBXNativeTarget section */
		AAA0000046 /* StarMate */ = {
			isa = PBXNativeTarget;
			buildConfigurationList = AAA0000047 /* Build configuration list for PBXNativeTarget "StarMate" */;
			buildPhases = (
				AAA0000048 /* Sources */,
				AAA0000034 /* Frameworks */,
				AAA0000049 /* Resources */,
			);
			buildRules = (
			);
			dependencies = (
			);
			name = StarMate;
			productName = StarMate;
			productReference = AAA0000033 /* StarMate.app */;
			productType = "com.apple.product-type.application";
		};
/* End PBXNativeTarget section */

/* Begin PBXProject section */
		AAA0000050 /* Project object */ = {
			isa = PBXProject;
			attributes = {
				BuildIndependentTargetsInParallel = 1;
				LastSwiftUpdateCheck = 1500;
				LastUpgradeCheck = 1500;
				TargetAttributes = {
					AAA0000046 = {
						CreatedOnToolsVersion = 15.0;
					};
				};
			};
			buildConfigurationList = AAA0000051 /* Build configuration list for PBXProject "StarMate" */;
			compatibilityVersion = "Xcode 14.0";
			developmentRegion = en;
			hasScannedForEncodings = 0;
			knownRegions = (
				en,
				Base,
			);
			mainGroup = AAA0000035;
			productRefGroup = AAA0000037 /* Products */;
			projectDirPath = "";
			projectRoot = "";
			targets = (
				AAA0000046 /* StarMate */,
			);
		};
/* End PBXProject section */

/* Begin PBXResourcesBuildPhase section */
		AAA0000049 /* Resources */ = {
			isa = PBXResourcesBuildPhase;
			buildActionMask = 2147483647;
			files = (
			);
			runOnlyForDeploymentPostprocessing = 0;
		};
/* End PBXResourcesBuildPhase section */

/* Begin PBXSourcesBuildPhase section */
		AAA0000048 /* Sources */ = {
			isa = PBXSourcesBuildPhase;
			buildActionMask = 2147483647;
			files = (
				AAA0000001 /* StarMateApp.swift in Sources */,
				AAA0000003 /* ContentView.swift in Sources */,
				AAA0000005 /* ColorScheme.swift in Sources */,
				AAA0000007 /* AppTheme.swift in Sources */,
				AAA0000009 /* DeviceModels.swift in Sources */,
				AAA0000011 /* CallModels.swift in Sources */,
				AAA0000013 /* SMSModels.swift in Sources */,
				AAA0000015 /* OTAModels.swift in Sources */,
				AAA0000017 /* BleManagerImpl.swift in Sources */,
				AAA0000019 /* CallManager.swift in Sources */,
				AAA0000021 /* SMSManager.swift in Sources */,
				AAA0000023 /* HomeView.swift in Sources */,
				AAA0000025 /* DialerView.swift in Sources */,
				AAA0000027 /* SMSView.swift in Sources */,
				AAA0000029 /* SettingsView.swift in Sources */,
					AAA0000061 /* BluetoothService.swift in Sources */,
			);
			runOnlyForDeploymentPostprocessing = 0;
		};
/* End PBXSourcesBuildPhase section */

/* Begin XCBuildConfiguration section */
		AAA0000052 /* Debug */ = {
			isa = XCBuildConfiguration;
			buildSettings = {
				ALWAYS_SEARCH_USER_PATHS = NO;
				ASSETCATALOG_COMPILER_GENERATE_SWIFT_ASSET_SYMBOL_EXTENSIONS = YES;
				CLANG_ANALYZER_NONNULL = YES;
				CLANG_ANALYZER_NUMBER_OBJECT_CONVERSION = YES_AGGRESSIVE;
				CLANG_CXX_LANGUAGE_STANDARD = "gnu++20";
				CLANG_ENABLE_MODULES = YES;
				CLANG_ENABLE_OBJC_ARC = YES;
				CLANG_ENABLE_OBJC_WEAK = YES;
				CLANG_WARN_BLOCK_CAPTURE_AUTORELEASING = YES;
				CLANG_WARN_BOOL_CONVERSION = YES;
				CLANG_WARN_COMMA = YES;
				CLANG_WARN_CONSTANT_CONVERSION = YES;
				CLANG_WARN_DEPRECATED_OBJC_IMPLEMENTATIONS = YES;
				CLANG_WARN_DIRECT_OBJC_ISA_USAGE = YES_ERROR;
				CLANG_WARN_DOCUMENTATION_COMMENTS = YES;
				CLANG_WARN_EMPTY_BODY = YES;
				CLANG_WARN_ENUM_CONVERSION = YES;
				CLANG_WARN_INFINITE_RECURSION = YES;
				CLANG_WARN_INT_CONVERSION = YES;
				CLANG_WARN_NON_LITERAL_NULL_CONVERSION = YES;
				CLANG_WARN_OBJC_IMPLICIT_RETAIN_SELF = YES;
				CLANG_WARN_OBJC_LITERAL_CONVERSION = YES;
				CLANG_WARN_OBJC_ROOT_CLASS = YES_ERROR;
				CLANG_WARN_QUOTED_INCLUDE_IN_FRAMEWORK_HEADER = YES;
				CLANG_WARN_RANGE_LOOP_ANALYSIS = YES;
				CLANG_WARN_STRICT_PROTOTYPES = YES;
				CLANG_WARN_SUSPICIOUS_MOVE = YES;
				CLANG_WARN_UNGUARDED_AVAILABILITY = YES_AGGRESSIVE;
				CLANG_WARN_UNREACHABLE_CODE = YES;
				CLANG_WARN__DUPLICATE_METHOD_MATCH = YES;
				COPY_PHASE_STRIP = NO;
				DEBUG_INFORMATION_FORMAT = dwarf;
				ENABLE_STRICT_OBJC_MSGSEND = YES;
				ENABLE_TESTABILITY = YES;
				ENABLE_USER_SCRIPT_SANDBOXING = YES;
				GCC_C_LANGUAGE_STANDARD = gnu17;
				GCC_DYNAMIC_NO_PIC = NO;
				GCC_NO_COMMON_BLOCKS = YES;
				GCC_OPTIMIZATION_LEVEL = 0;
				GCC_PREPROCESSOR_DEFINITIONS = (
					"DEBUG=1",
					"$(inherited)",
				);
				GCC_WARN_64_TO_32_BIT_CONVERSION = YES;
				GCC_WARN_ABOUT_RETURN_TYPE = YES_ERROR;
				GCC_WARN_UNDECLARED_SELECTOR = YES;
				GCC_WARN_UNINITIALIZED_AUTOS = YES_AGGRESSIVE;
				GCC_WARN_UNUSED_FUNCTION = YES;
				GCC_WARN_UNUSED_VARIABLE = YES;
				IPHONEOS_DEPLOYMENT_TARGET = 17.0;
				LOCALIZATION_PREFERS_STRING_CATALOGS = YES;
				MTL_ENABLE_DEBUG_INFO = INCLUDE_SOURCE;
				MTL_FAST_MATH = YES;
				ONLY_ACTIVE_ARCH = YES;
				SDKROOT = iphoneos;
				SWIFT_ACTIVE_COMPILATION_CONDITIONS = "DEBUG $(inherited)";
				SWIFT_OPTIMIZATION_LEVEL = "-Onone";
			};
			name = Debug;
		};
		AAA0000053 /* Release */ = {
			isa = XCBuildConfiguration;
			buildSettings = {
				ALWAYS_SEARCH_USER_PATHS = NO;
				ASSETCATALOG_COMPILER_GENERATE_SWIFT_ASSET_SYMBOL_EXTENSIONS = YES;
				CLANG_ANALYZER_NONNULL = YES;
				CLANG_ANALYZER_NUMBER_OBJECT_CONVERSION = YES_AGGRESSIVE;
				CLANG_CXX_LANGUAGE_STANDARD = "gnu++20";
				CLANG_ENABLE_MODULES = YES;
				CLANG_ENABLE_OBJC_ARC = YES;
				CLANG_ENABLE_OBJC_WEAK = YES;
				CLANG_WARN_BLOCK_CAPTURE_AUTORELEASING = YES;
				CLANG_WARN_BOOL_CONVERSION = YES;
				CLANG_WARN_COMMA = YES;
				CLANG_WARN_CONSTANT_CONVERSION = YES;
				CLANG_WARN_DEPRECATED_OBJC_IMPLEMENTATIONS = YES;
				CLANG_WARN_DIRECT_OBJC_ISA_USAGE = YES_ERROR;
				CLANG_WARN_DOCUMENTATION_COMMENTS = YES;
				CLANG_WARN_EMPTY_BODY = YES;
				CLANG_WARN_ENUM_CONVERSION = YES;
				CLANG_WARN_INFINITE_RECURSION = YES;
				CLANG_WARN_INT_CONVERSION = YES;
				CLANG_WARN_NON_LITERAL_NULL_CONVERSION = YES;
				CLANG_WARN_OBJC_IMPLICIT_RETAIN_SELF = YES;
				CLANG_WARN_OBJC_LITERAL_CONVERSION = YES;
				CLANG_WARN_OBJC_ROOT_CLASS = YES_ERROR;
				CLANG_WARN_QUOTED_INCLUDE_IN_FRAMEWORK_HEADER = YES;
				CLANG_WARN_RANGE_LOOP_ANALYSIS = YES;
				CLANG_WARN_STRICT_PROTOTYPES = YES;
				CLANG_WARN_SUSPICIOUS_MOVE = YES;
				CLANG_WARN_UNGUARDED_AVAILABILITY = YES_AGGRESSIVE;
				CLANG_WARN_UNREACHABLE_CODE = YES;
				CLANG_WARN__DUPLICATE_METHOD_MATCH = YES;
				COPY_PHASE_STRIP = NO;
				DEBUG_INFORMATION_FORMAT = "dwarf-with-dsym";
				ENABLE_NS_ASSERTIONS = NO;
				ENABLE_STRICT_OBJC_MSGSEND = YES;
				ENABLE_USER_SCRIPT_SANDBOXING = YES;
				GCC_C_LANGUAGE_STANDARD = gnu17;
				GCC_NO_COMMON_BLOCKS = YES;
				GCC_WARN_64_TO_32_BIT_CONVERSION = YES;
				GCC_WARN_ABOUT_RETURN_TYPE = YES_ERROR;
				GCC_WARN_UNDECLARED_SELECTOR = YES;
				GCC_WARN_UNINITIALIZED_AUTOS = YES_AGGRESSIVE;
				GCC_WARN_UNUSED_FUNCTION = YES;
				GCC_WARN_UNUSED_VARIABLE = YES;
				IPHONEOS_DEPLOYMENT_TARGET = 17.0;
				LOCALIZATION_PREFERS_STRING_CATALOGS = YES;
				MTL_ENABLE_DEBUG_INFO = NO;
				MTL_FAST_MATH = YES;
				SDKROOT = iphoneos;
				SWIFT_COMPILATION_MODE = wholemodule;
				VALIDATE_PRODUCT = YES;
			};
			name = Release;
		};
		AAA0000054 /* Debug */ = {
			isa = XCBuildConfiguration;
			buildSettings = {
				ASSETCATALOG_COMPILER_APPICON_NAME = AppIcon;
				ASSETCATALOG_COMPILER_GLOBAL_ACCENT_COLOR_NAME = AccentColor;
				CODE_SIGN_ENTITLEMENTS = StarMateApp.entitlements;
				CODE_SIGN_STYLE = Automatic;
				CURRENT_PROJECT_VERSION = 1;
				DEVELOPMENT_TEAM = 5WG2P458X6;
				ENABLE_PREVIEWS = YES;
				GENERATE_INFOPLIST_FILE = NO;
				INFOPLIST_FILE = Info.plist;
				INFOPLIST_KEY_CFBundleDisplayName = StarMate;
				INFOPLIST_KEY_LSApplicationCategoryType = "public.app-category.utilities";
				INFOPLIST_KEY_UIApplicationSceneManifest_Generation = YES;
				INFOPLIST_KEY_UIApplicationSupportsIndirectInputEvents = YES;
				INFOPLIST_KEY_UILaunchScreen_Generation = YES;
				INFOPLIST_KEY_UISupportedInterfaceOrientations_iPad = "UIInterfaceOrientationPortrait UIInterfaceOrientationPortraitUpsideDown UIInterfaceOrientationLandscapeLeft UIInterfaceOrientationLandscapeRight";
				INFOPLIST_KEY_UISupportedInterfaceOrientations_iPhone = UIInterfaceOrientationPortrait;
				LD_RUNPATH_SEARCH_PATHS = (
					"$(inherited)",
					"@executable_path/Frameworks",
				);
				MARKETING_VERSION = 1.0;
				PRODUCT_BUNDLE_IDENTIFIER = com.starmate.app;
				PRODUCT_NAME = "$(TARGET_NAME)";
				SWIFT_EMIT_LOC_STRINGS = YES;
				SWIFT_VERSION = 5.0;
				TARGETED_DEVICE_FAMILY = "1,2";
			};
			name = Debug;
		};
		AAA0000055 /* Release */ = {
			isa = XCBuildConfiguration;
			buildSettings = {
				ASSETCATALOG_COMPILER_APPICON_NAME = AppIcon;
				ASSETCATALOG_COMPILER_GLOBAL_ACCENT_COLOR_NAME = AccentColor;
				CODE_SIGN_ENTITLEMENTS = StarMateApp.entitlements;
				CODE_SIGN_STYLE = Automatic;
				CURRENT_PROJECT_VERSION = 1;
				DEVELOPMENT_TEAM = 5WG2P458X6;
				ENABLE_PREVIEWS = YES;
				GENERATE_INFOPLIST_FILE = NO;
				INFOPLIST_FILE = Info.plist;
				INFOPLIST_KEY_CFBundleDisplayName = StarMate;
				INFOPLIST_KEY_LSApplicationCategoryType = "public.app-category.utilities";
				INFOPLIST_KEY_UIApplicationSceneManifest_Generation = YES;
				INFOPLIST_KEY_UIApplicationSupportsIndirectInputEvents = YES;
				INFOPLIST_KEY_UILaunchScreen_Generation = YES;
				INFOPLIST_KEY_UISupportedInterfaceOrientations_iPad = "UIInterfaceOrientationPortrait UIInterfaceOrientationPortraitUpsideDown UIInterfaceOrientationLandscapeLeft UIInterfaceOrientationLandscapeRight";
				INFOPLIST_KEY_UISupportedInterfaceOrientations_iPhone = UIInterfaceOrientationPortrait;
				LD_RUNPATH_SEARCH_PATHS = (
					"$(inherited)",
					"@executable_path/Frameworks",
				);
				MARKETING_VERSION = 1.0;
				PRODUCT_BUNDLE_IDENTIFIER = com.starmate.app;
				PRODUCT_NAME = "$(TARGET_NAME)";
				SWIFT_EMIT_LOC_STRINGS = YES;
				SWIFT_VERSION = 5.0;
				TARGETED_DEVICE_FAMILY = "1,2";
			};
			name = Release;
		};
/* End XCBuildConfiguration section */

/* Begin XCConfigurationList section */
		AAA0000047 /* Build configuration list for PBXNativeTarget "StarMate" */ = {
			isa = XCConfigurationList;
			buildConfigurations = (
				AAA0000054 /* Debug */,
				AAA0000055 /* Release */,
			);
			defaultConfigurationIsVisible = 0;
			defaultConfigurationName = Release;
		};
		AAA0000051 /* Build configuration list for PBXProject "StarMate" */ = {
			isa = XCConfigurationList;
			buildConfigurations = (
				AAA0000052 /* Debug */,
				AAA0000053 /* Release */,
			);
			defaultConfigurationIsVisible = 0;
			defaultConfigurationName = Release;
		};
/* End XCConfigurationList section */
	};
	rootObject = AAA0000050 /* Project object */;
}
