// !$*UTF8*$!
{
	archiveVersion = 1;
	classes = {
	};
	objectVersion = 56;
	objects = {

/* Begin PBXBuildFile section */
		047017552F7F6DBC00F322AC /* BluetoothService.swift in Sources */ = {isa = PBXBuildFile; fileRef = 047017542F7F6DBC00F322AC /* BluetoothService.swift */; };
		047017622F7F6DD000F322AC /* DialerView.swift in Sources */ = {isa = PBXBuildFile; fileRef = 047017562F7F6DD000F322AC /* DialerView.swift */; };
		047017632F7F6DD000F322AC /* HomeView.swift in Sources */ = {isa = PBXBuildFile; fileRef = 047017582F7F6DD000F322AC /* HomeView.swift */; };
		047017642F7F6DD000F322AC /* SettingsView.swift in Sources */ = {isa = PBXBuildFile; fileRef = 0470175A2F7F6DD000F322AC /* SettingsView.swift */; };
		047017652F7F6DD000F322AC /* IconGeneratorView.swift in Sources */ = {isa = PBXBuildFile; fileRef = 0470175E2F7F6DD000F322AC /* IconGeneratorView.swift */; };
		047017662F7F6DD000F322AC /* LaunchScreenView.swift in Sources */ = {isa = PBXBuildFile; fileRef = 0470175F2F7F6DD000F322AC /* LaunchScreenView.swift */; };
		047017672F7F6DD000F322AC /* SMSView.swift in Sources */ = {isa = PBXBuildFile; fileRef = 0470175C2F7F6DD000F322AC /* SMSView.swift */; };
		047017892F7F6E0700F322AC /* AtModels.swift in Sources */ = {isa = PBXBuildFile; fileRef = 047017792F7F6E0700F322AC /* AtModels.swift */; };
		0470178A2F7F6E0700F322AC /* SystemPacketBuilder.swift in Sources */ = {isa = PBXBuildFile; fileRef = 047017862F7F6E0700F322AC /* SystemPacketBuilder.swift */; };
		0470178B2F7F6E0700F322AC /* BleManagerProtocol.swift in Sources */ = {isa = PBXBuildFile; fileRef = 047017762F7F6E0700F322AC /* BleManagerProtocol.swift */; };
		0470178C2F7F6E0700F322AC /* BleUuid.swift in Sources */ = {isa = PBXBuildFile; fileRef = 047017822F7F6E0700F322AC /* BleUuid.swift */; };
		0470178D2F7F6E0700F322AC /* AtCommands.swift in Sources */ = {isa = PBXBuildFile; fileRef = 047017812F7F6E0700F322AC /* AtCommands.swift */; };
		0470178E2F7F6E0700F322AC /* SystemCommands.swift in Sources */ = {isa = PBXBuildFile; fileRef = 047017852F7F6E0700F322AC /* SystemCommands.swift */; };
		0470178F2F7F6E0700F322AC /* BleUuidHelper.swift in Sources */ = {isa = PBXBuildFile; fileRef = 047017832F7F6E0700F322AC /* BleUuidHelper.swift */; };
		047017902F7F6E0700F322AC /* BleServiceClients.swift in Sources */ = {isa = PBXBuildFile; fileRef = 047017772F7F6E0700F322AC /* BleServiceClients.swift */; };
		047017912F7F6E0700F322AC /* OtaModels.swift in Sources */ = {isa = PBXBuildFile; fileRef = 0470177E2F7F6E0700F322AC /* OtaModels.swift */; };
		047017922F7F6E0700F322AC /* ModuleModels.swift in Sources */ = {isa = PBXBuildFile; fileRef = 0470177D2F7F6E0700F322AC /* ModuleModels.swift */; };
		047017932F7F6E0700F322AC /* ConnectModels.swift in Sources */ = {isa = PBXBuildFile; fileRef = 0470177B2F7F6E0700F322AC /* ConnectModels.swift */; };
		047017942F7F6E0700F322AC /* Crc16.swift in Sources */ = {isa = PBXBuildFile; fileRef = 047017842F7F6E0700F322AC /* Crc16.swift */; };
		047017952F7F6E0700F322AC /* SmsModels.swift in Sources */ = {isa = PBXBuildFile; fileRef = 0470177F2F7F6E0700F322AC /* SmsModels.swift */; };
		047017962F7F6E0700F322AC /* DeviceModels.swift in Sources */ = {isa = PBXBuildFile; fileRef = 0470177C2F7F6E0700F322AC /* DeviceModels.swift */; };
		047017972F7F6E0700F322AC /* CallModels.swift in Sources */ = {isa = PBXBuildFile; fileRef = 0470177A2F7F6E0700F322AC /* CallModels.swift */; };
		047017A02F7F6E2500F322AC /* OtaServiceClientImpl.swift in Sources */ = {isa = PBXBuildFile; fileRef = 0470179B2F7F6E2500F322AC /* OtaServiceClientImpl.swift */; };
		047017A12F7F6E2500F322AC /* BleManagerImpl.swift in Sources */ = {isa = PBXBuildFile; fileRef = 047017992F7F6E2500F322AC /* BleManagerImpl.swift */; };
		047017A22F7F6E2500F322AC /* SystemServiceClientImpl.swift in Sources */ = {isa = PBXBuildFile; fileRef = 0470179C2F7F6E2500F322AC /* SystemServiceClientImpl.swift */; };
		047017A32F7F6E2500F322AC /* VoiceServiceClientImpl.swift in Sources */ = {isa = PBXBuildFile; fileRef = 0470179D2F7F6E2500F322AC /* VoiceServiceClientImpl.swift */; };
		047017A42F7F6E2500F322AC /* CallRecorderImpl.swift in Sources */ = {isa = PBXBuildFile; fileRef = 0470179A2F7F6E2500F322AC /* CallRecorderImpl.swift */; };
		047017A52F7F6E2500F322AC /* AtServiceClientImpl.swift in Sources */ = {isa = PBXBuildFile; fileRef = 047017982F7F6E2500F322AC /* AtServiceClientImpl.swift */; };
		047017A92F7F6E3200F322AC /* AppTheme.swift in Sources */ = {isa = PBXBuildFile; fileRef = 047017A62F7F6E3200F322AC /* AppTheme.swift */; };
		047017AA2F7F6E3200F322AC /* ColorScheme.swift in Sources */ = {isa = PBXBuildFile; fileRef = 047017A72F7F6E3200F322AC /* ColorScheme.swift */; };
		047017AE2F7F6E3B00F322AC /* SMSManager.swift in Sources */ = {isa = PBXBuildFile; fileRef = 047017AC2F7F6E3B00F322AC /* SMSManager.swift */; };
		047017AF2F7F6E3B00F322AC /* CallManager.swift in Sources */ = {isa = PBXBuildFile; fileRef = 047017AB2F7F6E3B00F322AC /* CallManager.swift */; };
		AAA0000001 /* StarMateApp.swift in Sources */ = {isa = PBXBuildFile; fileRef = AAA0000002 /* StarMateApp.swift */; };
		AAA0000003 /* ContentView.swift in Sources */ = {isa = PBXBuildFile; fileRef = AAA0000004 /* ContentView.swift */; };
/* End PBXBuildFile section */

/* Begin PBXFileReference section */
		047017542F7F6DBC00F322AC /* BluetoothService.swift */ = {isa = PBXFileReference; lastKnownFileType = sourcecode.swift; path = BluetoothService.swift; sourceTree = "<group>"; };
		047017562F7F6DD000F322AC /* DialerView.swift */ = {isa = PBXFileReference; lastKnownFileType = sourcecode.swift; path = DialerView.swift; sourceTree = "<group>"; };
		047017582F7F6DD000F322AC /* HomeView.swift */ = {isa = PBXFileReference; lastKnownFileType = sourcecode.swift; path = HomeView.swift; sourceTree = "<group>"; };
		0470175A2F7F6DD000F322AC /* SettingsView.swift */ = {isa = PBXFileReference; lastKnownFileType = sourcecode.swift; path = SettingsView.swift; sourceTree = "<group>"; };
		0470175C2F7F6DD000F322AC /* SMSView.swift */ = {isa = PBXFileReference; lastKnownFileType = sourcecode.swift; path = SMSView.swift; sourceTree = "<group>"; };
		0470175E2F7F6DD000F322AC /* IconGeneratorView.swift */ = {isa = PBXFileReference; lastKnownFileType = sourcecode.swift; path = IconGeneratorView.swift; sourceTree = "<group>"; };
		0470175F2F7F6DD000F322AC /* LaunchScreenView.swift */ = {isa = PBXFileReference; lastKnownFileType = sourcecode.swift; path = LaunchScreenView.swift; sourceTree = "<group>"; };
		047017762F7F6E0700F322AC /* BleManagerProtocol.swift */ = {isa = PBXFileReference; lastKnownFileType = sourcecode.swift; path = BleManagerProtocol.swift; sourceTree = "<group>"; };
		047017772F7F6E0700F322AC /* BleServiceClients.swift */ = {isa = PBXFileReference; lastKnownFileType = sourcecode.swift; path = BleServiceClients.swift; sourceTree = "<group>"; };
		047017792F7F6E0700F322AC /* AtModels.swift */ = {isa = PBXFileReference; lastKnownFileType = sourcecode.swift; path = AtModels.swift; sourceTree = "<group>"; };
		0470177A2F7F6E0700F322AC /* CallModels.swift */ = {isa = PBXFileReference; lastKnownFileType = sourcecode.swift; path = CallModels.swift; sourceTree = "<group>"; };
		0470177B2F7F6E0700F322AC /* ConnectModels.swift */ = {isa = PBXFileReference; lastKnownFileType = sourcecode.swift; path = ConnectModels.swift; sourceTree = "<group>"; };
		0470177C2F7F6E0700F322AC /* DeviceModels.swift */ = {isa = PBXFileReference; lastKnownFileType = sourcecode.swift; path = DeviceModels.swift; sourceTree = "<group>"; };
		0470177D2F7F6E0700F322AC /* ModuleModels.swift */ = {isa = PBXFileReference; lastKnownFileType = sourcecode.swift; path = ModuleModels.swift; sourceTree = "<group>"; };
		0470177E2F7F6E0700F322AC /* OtaModels.swift */ = {isa = PBXFileReference; lastKnownFileType = sourcecode.swift; path = OtaModels.swift; sourceTree = "<group>"; };
		0470177F2F7F6E0700F322AC /* SmsModels.swift */ = {isa = PBXFileReference; lastKnownFileType = sourcecode.swift; path = SmsModels.swift; sourceTree = "<group>"; };
		047017812F7F6E0700F322AC /* AtCommands.swift */ = {isa = PBXFileReference; lastKnownFileType = sourcecode.swift; path = AtCommands.swift; sourceTree = "<group>"; };
		047017822F7F6E0700F322AC /* BleUuid.swift */ = {isa = PBXFileReference; lastKnownFileType = sourcecode.swift; path = BleUuid.swift; sourceTree = "<group>"; };
		047017832F7F6E0700F322AC /* BleUuidHelper.swift */ = {isa = PBXFileReference; lastKnownFileType = sourcecode.swift; path = BleUuidHelper.swift; sourceTree = "<group>"; };
		047017842F7F6E0700F322AC /* Crc16.swift */ = {isa = PBXFileReference; lastKnownFileType = sourcecode.swift; path = Crc16.swift; sourceTree = "<group>"; };
		047017852F7F6E0700F322AC /* SystemCommands.swift */ = {isa = PBXFileReference; lastKnownFileType = sourcecode.swift; path = SystemCommands.swift; sourceTree = "<group>"; };
		047017862F7F6E0700F322AC /* SystemPacketBuilder.swift */ = {isa = PBXFileReference; lastKnownFileType = sourcecode.swift; path = SystemPacketBuilder.swift; sourceTree = "<group>"; };
		047017982F7F6E2500F322AC /* AtServiceClientImpl.swift */ = {isa = PBXFileReference; lastKnownFileType = sourcecode.swift; path = Data/Services/AtServiceClientImpl.swift; sourceTree = "<group>"; };
		047017992F7F6E2500F322AC /* BleManagerImpl.swift */ = {isa = PBXFileReference; lastKnownFileType = sourcecode.swift; path = Data/Services/BleManagerImpl.swift; sourceTree = "<group>"; };
		0470179A2F7F6E2500F322AC /* CallRecorderImpl.swift */ = {isa = PBXFileReference; lastKnownFileType = sourcecode.swift; path = Data/Services/CallRecorderImpl.swift; sourceTree = "<group>"; };
		0470179B2F7F6E2500F322AC /* OtaServiceClientImpl.swift */ = {isa = PBXFileReference; lastKnownFileType = sourcecode.swift; path = Data/Services/OtaServiceClientImpl.swift; sourceTree = "<group>"; };
		0470179C2F7F6E2500F322AC /* SystemServiceClientImpl.swift */ = {isa = PBXFileReference; lastKnownFileType = sourcecode.swift; path = Data/Services/SystemServiceClientImpl.swift; sourceTree = "<group>"; };
		0470179D2F7F6E2500F322AC /* VoiceServiceClientImpl.swift */ = {isa = PBXFileReference; lastKnownFileType = sourcecode.swift; path = Data/Services/VoiceServiceClientImpl.swift; sourceTree = "<group>"; };
		047017A62F7F6E3200F322AC /* AppTheme.swift */ = {isa = PBXFileReference; lastKnownFileType = sourcecode.swift; path = AppTheme.swift; sourceTree = "<group>"; };
		047017A72F7F6E3200F322AC /* ColorScheme.swift */ = {isa = PBXFileReference; lastKnownFileType = sourcecode.swift; path = ColorScheme.swift; sourceTree = "<group>"; };
		047017AB2F7F6E3B00F322AC /* CallManager.swift */ = {isa = PBXFileReference; lastKnownFileType = sourcecode.swift; path = CallManager.swift; sourceTree = "<group>"; };
		047017AC2F7F6E3B00F322AC /* SMSManager.swift */ = {isa = PBXFileReference; lastKnownFileType = sourcecode.swift; path = SMSManager.swift; sourceTree = "<group>"; };
		AAA0000002 /* StarMateApp.swift */ = {isa = PBXFileReference; lastKnownFileType = sourcecode.swift; path = StarMateApp.swift; sourceTree = "<group>"; };
		AAA0000004 /* ContentView.swift */ = {isa = PBXFileReference; lastKnownFileType = sourcecode.swift; path = ContentView.swift; sourceTree = "<group>"; };
		AAA0000031 /* Info.plist */ = {isa = PBXFileReference; lastKnownFileType = text.plist.xml; path = Info.plist; sourceTree = "<group>"; };
		AAA0000033 /* StarMate.app */ = {isa = PBXFileReference; explicitFileType = wrapper.application; includeInIndex = 0; path = StarMate.app; sourceTree = BUILT_PRODUCTS_DIR; };
/* End PBXFileReference section */

/* Begin PBXFrameworksBuildPhase section */
		AAA0000034 /* Frameworks */ = {
			isa = PBXFrameworksBuildPhase;
			buildActionMask = 2147483647;
			files = (
			);
			runOnlyForDeploymentPostprocessing = 0;
		};
/* End PBXFrameworksBuildPhase section */

/* Begin PBXGroup section */
		047017572F7F6DD000F322AC /* Dialer */ = {
			isa = PBXGroup;
			children = (
				047017562F7F6DD000F322AC /* DialerView.swift */,
			);
			path = Dialer;
			sourceTree = "<group>";
		};
		047017592F7F6DD000F322AC /* Home */ = {
			isa = PBXGroup;
			children = (
				047017582F7F6DD000F322AC /* HomeView.swift */,
			);
			path = Home;
			sourceTree = "<group>";
		};
		0470175B2F7F6DD000F322AC /* Settings */ = {
			isa = PBXGroup;
			children = (
				0470175A2F7F6DD000F322AC /* SettingsView.swift */,
			);
			path = Settings;
			sourceTree = "<group>";
		};
		0470175D2F7F6DD000F322AC /* SMS */ = {
			isa = PBXGroup;
			children = (
				0470175C2F7F6DD000F322AC /* SMSView.swift */,
			);
			path = SMS;
			sourceTree = "<group>";
		};
		047017602F7F6DD000F322AC /* Utilities */ = {
			isa = PBXGroup;
			children = (
				0470175E2F7F6DD000F322AC /* IconGeneratorView.swift */,
				0470175F2F7F6DD000F322AC /* LaunchScreenView.swift */,
			);
			path = Utilities;
			sourceTree = "<group>";
		};
		047017612F7F6DD000F322AC /* Views */ = {
			isa = PBXGroup;
			children = (
				047017572F7F6DD000F322AC /* Dialer */,
				047017592F7F6DD000F322AC /* Home */,
				0470175B2F7F6DD000F322AC /* Settings */,
				0470175D2F7F6DD000F322AC /* SMS */,
				047017602F7F6DD000F322AC /* Utilities */,
			);
			path = Views;
			sourceTree = "<group>";
		};
		047017782F7F6E0700F322AC /* Clients */ = {
			isa = PBXGroup;
			children = (
				047017762F7F6E0700F322AC /* BleManagerProtocol.swift */,
				047017772F7F6E0700F322AC /* BleServiceClients.swift */,
			);
			path = Clients;
			sourceTree = "<group>";
		};
		047017802F7F6E0700F322AC /* Models */ = {
			isa = PBXGroup;
			children = (
				047017792F7F6E0700F322AC /* AtModels.swift */,
				0470177A2F7F6E0700F322AC /* CallModels.swift */,
				0470177B2F7F6E0700F322AC /* ConnectModels.swift */,
				0470177C2F7F6E0700F322AC /* DeviceModels.swift */,
				0470177D2F7F6E0700F322AC /* ModuleModels.swift */,
				0470177E2F7F6E0700F322AC /* OtaModels.swift */,
				0470177F2F7F6E0700F322AC /* SmsModels.swift */,
			);
			path = Models;
			sourceTree = "<group>";
		};
		047017872F7F6E0700F322AC /* Protocol */ = {
			isa = PBXGroup;
			children = (
				047017812F7F6E0700F322AC /* AtCommands.swift */,
				047017822F7F6E0700F322AC /* BleUuid.swift */,
				047017832F7F6E0700F322AC /* BleUuidHelper.swift */,
				047017842F7F6E0700F322AC /* Crc16.swift */,
				047017852F7F6E0700F322AC /* SystemCommands.swift */,
				047017862F7F6E0700F322AC /* SystemPacketBuilder.swift */,
			);
			path = Protocol;
			sourceTree = "<group>";
		};
		047017882F7F6E0700F322AC /* Domain */ = {
			isa = PBXGroup;
			children = (
				047017782F7F6E0700F322AC /* Clients */,
				047017802F7F6E0700F322AC /* Models */,
				047017872F7F6E0700F322AC /* Protocol */,
			);
			path = Domain;
			sourceTree = "<group>";
		};
		0470179E2F7F6E2500F322AC /* Services */ = {
			isa = PBXGroup;
			children = (
				047017982F7F6E2500F322AC /* AtServiceClientImpl.swift */,
				047017992F7F6E2500F322AC /* BleManagerImpl.swift */,
				0470179A2F7F6E2500F322AC /* CallRecorderImpl.swift */,
				0470179B2F7F6E2500F322AC /* OtaServiceClientImpl.swift */,
				0470179C2F7F6E2500F322AC /* SystemServiceClientImpl.swift */,
				0470179D2F7F6E2500F322AC /* VoiceServiceClientImpl.swift */,
			);
			path = Services;
			sourceTree = "<group>";
		};
		0470179F2F7F6E2500F322AC /* Data */ = {
			isa = PBXGroup;
			children = (
				0470179E2F7F6E2500F322AC /* Services */,
			);
			path = Data;
			sourceTree = "<group>";
		};
		047017A82F7F6E3200F322AC /* Theme */ = {
			isa = PBXGroup;
			children = (
				047017A62F7F6E3200F322AC /* AppTheme.swift */,
				047017A72F7F6E3200F322AC /* ColorScheme.swift */,
			);
			path = Theme;
			sourceTree = "<group>";
		};
		047017AD2F7F6E3B00F322AC /* Services */ = {
			isa = PBXGroup;
			children = (
				047017AB2F7F6E3B00F322AC /* CallManager.swift */,
				047017AC2F7F6E3B00F322AC /* SMSManager.swift */,
			);
			path = Services;
			sourceTree = "<group>";
		};
		AAA0000035 = {
			isa = PBXGroup;
			children = (
				AAA0000036 /* StarMate */,
				AAA0000037 /* Products */,
			);
			sourceTree = "<group>";
		};
		AAA0000036 /* StarMate */ = {
			isa = PBXGroup;
			children = (
				047017A82F7F6E3200F322AC /* Theme */,
				AAA0000002 /* StarMateApp.swift */,
				AAA0000004 /* ContentView.swift */,
				AAA0000031 /* Info.plist */,
				047017542F7F6DBC00F322AC /* BluetoothService.swift */,
				047017612F7F6DD000F322AC /* Views */,
				047017882F7F6E0700F322AC /* Domain */,
				0470179F2F7F6E2500F322AC /* Data */,
				047017AD2F7F6E3B00F322AC /* Services */,
			);
			path = StarMate;
			sourceTree = "<group>";
		};
		AAA0000037 /* Products */ = {
			isa = PBXGroup;
			children = (
				AAA0000033 /* StarMate.app */,
			);
			name = Products;
			sourceTree = "<group>";
		};
/* End PBXGroup section */

/* Begin PBXNativeTarget section */
		AAA0000046 /* StarMate */ = {
			isa = PBXNativeTarget;
			buildConfigurationList = AAA0000047 /* Build configuration list for PBXNativeTarget "StarMate" */;
			buildPhases = (
				AAA0000048 /* Sources */,
				AAA0000034 /* Frameworks */,
				AAA0000049 /* Resources */,
			);
			buildRules = (
			);
			dependencies = (
			);
			name = StarMate;
			productName = StarMate;
			productReference = AAA0000033 /* StarMate.app */;
			productType = "com.apple.product-type.application";
		};
/* End PBXNativeTarget section */

/* Begin PBXProject section */
		AAA0000050 /* Project object */ = {
			isa = PBXProject;
			attributes = {
				BuildIndependentTargetsInParallel = 1;
				LastSwiftUpdateCheck = 1500;
				LastUpgradeCheck = 1500;
				TargetAttributes = {
					AAA0000046 = {
						CreatedOnToolsVersion = 15.0;
					};
				};
			};
			buildConfigurationList = AAA0000051 /* Build configuration list for PBXProject "StarMate" */;
			compatibilityVersion = "Xcode 14.0";
			developmentRegion = en;
			hasScannedForEncodings = 0;
			knownRegions = (
				en,
				Base,
			);
			mainGroup = AAA0000035;
			productRefGroup = AAA0000037 /* Products */;
			projectDirPath = "";
			projectRoot = "";
			targets = (
				AAA0000046 /* StarMate */,
			);
		};
/* End PBXProject section */

/* Begin PBXResourcesBuildPhase section */
		AAA0000049 /* Resources */ = {
			isa = PBXResourcesBuildPhase;
			buildActionMask = 2147483647;
			files = (
			);
			runOnlyForDeploymentPostprocessing = 0;
		};
/* End PBXResourcesBuildPhase section */

/* Begin PBXSourcesBuildPhase section */
		AAA0000048 /* Sources */ = {
			isa = PBXSourcesBuildPhase;
			buildActionMask = 2147483647;
			files = (
				AAA0000001 /* StarMateApp.swift in Sources */,
				047017552F7F6DBC00F322AC /* BluetoothService.swift in Sources */,
				AAA0000003 /* ContentView.swift in Sources */,
				047017622F7F6DD000F322AC /* DialerView.swift in Sources */,
				047017632F7F6DD000F322AC /* HomeView.swift in Sources */,
				047017642F7F6DD000F322AC /* SettingsView.swift in Sources */,
				047017652F7F6DD000F322AC /* IconGeneratorView.swift in Sources */,
				047017662F7F6DD000F322AC /* LaunchScreenView.swift in Sources */,
				047017892F7F6E0700F322AC /* AtModels.swift in Sources */,
				0470178A2F7F6E0700F322AC /* SystemPacketBuilder.swift in Sources */,
				0470178B2F7F6E0700F322AC /* BleManagerProtocol.swift in Sources */,
				0470178C2F7F6E0700F322AC /* BleUuid.swift in Sources */,
				0470178D2F7F6E0700F322AC /* AtCommands.swift in Sources */,
				0470178E2F7F6E0700F322AC /* SystemCommands.swift in Sources */,
				047017A02F7F6E2500F322AC /* OtaServiceClientImpl.swift in Sources */,
				047017A12F7F6E2500F322AC /* BleManagerImpl.swift in Sources */,
				047017A22F7F6E2500F322AC /* SystemServiceClientImpl.swift in Sources */,
				047017A32F7F6E2500F322AC /* VoiceServiceClientImpl.swift in Sources */,
				047017A42F7F6E2500F322AC /* CallRecorderImpl.swift in Sources */,
				047017A92F7F6E3200F322AC /* AppTheme.swift in Sources */,
				047017AA2F7F6E3200F322AC /* ColorScheme.swift in Sources */,
				047017A52F7F6E2500F322AC /* AtServiceClientImpl.swift in Sources */,
				0470178F2F7F6E0700F322AC /* BleUuidHelper.swift in Sources */,
				047017902F7F6E0700F322AC /* BleServiceClients.swift in Sources */,
				047017912F7F6E0700F322AC /* OtaModels.swift in Sources */,
				047017922F7F6E0700F322AC /* ModuleModels.swift in Sources */,
				047017932F7F6E0700F322AC /* ConnectModels.swift in Sources */,
				047017942F7F6E0700F322AC /* Crc16.swift in Sources */,
				047017952F7F6E0700F322AC /* SmsModels.swift in Sources */,
				047017AE2F7F6E3B00F322AC /* SMSManager.swift in Sources */,
				047017AF2F7F6E3B00F322AC /* CallManager.swift in Sources */,
				047017962F7F6E0700F322AC /* DeviceModels.swift in Sources */,
				047017972F7F6E0700F322AC /* CallModels.swift in Sources */,
				047017672F7F6DD000F322AC /* SMSView.swift in Sources */,
			);
			runOnlyForDeploymentPostprocessing = 0;
		};
/* End PBXSourcesBuildPhase section */

/* Begin XCBuildConfiguration section */
		AAA0000052 /* Debug */ = {
			isa = XCBuildConfiguration;
			buildSettings = {
				ALWAYS_SEARCH_USER_PATHS = NO;
				ASSETCATALOG_COMPILER_GENERATE_SWIFT_ASSET_SYMBOL_EXTENSIONS = YES;
				CLANG_ANALYZER_NONNULL = YES;
				CLANG_ANALYZER_NUMBER_OBJECT_CONVERSION = YES_AGGRESSIVE;
				CLANG_CXX_LANGUAGE_STANDARD = "gnu++20";
				CLANG_ENABLE_MODULES = YES;
				CLANG_ENABLE_OBJC_ARC = YES;
				CLANG_ENABLE_OBJC_WEAK = YES;
				CLANG_WARN_BLOCK_CAPTURE_AUTORELEASING = YES;
				CLANG_WARN_BOOL_CONVERSION = YES;
				CLANG_WARN_COMMA = YES;
				CLANG_WARN_CONSTANT_CONVERSION = YES;
				CLANG_WARN_DEPRECATED_OBJC_IMPLEMENTATIONS = YES;
				CLANG_WARN_DIRECT_OBJC_ISA_USAGE = YES_ERROR;
				CLANG_WARN_DOCUMENTATION_COMMENTS = YES;
				CLANG_WARN_EMPTY_BODY = YES;
				CLANG_WARN_ENUM_CONVERSION = YES;
				CLANG_WARN_INFINITE_RECURSION = YES;
				CLANG_WARN_INT_CONVERSION = YES;
				CLANG_WARN_NON_LITERAL_NULL_CONVERSION = YES;
				CLANG_WARN_OBJC_IMPLICIT_RETAIN_SELF = YES;
				CLANG_WARN_OBJC_LITERAL_CONVERSION = YES;
				CLANG_WARN_OBJC_ROOT_CLASS = YES_ERROR;
				CLANG_WARN_QUOTED_INCLUDE_IN_FRAMEWORK_HEADER = YES;
				CLANG_WARN_RANGE_LOOP_ANALYSIS = YES;
				CLANG_WARN_STRICT_PROTOTYPES = YES;
				CLANG_WARN_SUSPICIOUS_MOVE = YES;
				CLANG_WARN_UNGUARDED_AVAILABILITY = YES_AGGRESSIVE;
				CLANG_WARN_UNREACHABLE_CODE = YES;
				CLANG_WARN__DUPLICATE_METHOD_MATCH = YES;
				COPY_PHASE_STRIP = NO;
				DEBUG_INFORMATION_FORMAT = dwarf;
				ENABLE_STRICT_OBJC_MSGSEND = YES;
				ENABLE_TESTABILITY = YES;
				ENABLE_USER_SCRIPT_SANDBOXING = YES;
				GCC_C_LANGUAGE_STANDARD = gnu17;
				GCC_DYNAMIC_NO_PIC = NO;
				GCC_NO_COMMON_BLOCKS = YES;
				GCC_OPTIMIZATION_LEVEL = 0;
				GCC_PREPROCESSOR_DEFINITIONS = (
					"DEBUG=1",
					"$(inherited)",
				);
				GCC_WARN_64_TO_32_BIT_CONVERSION = YES;
				GCC_WARN_ABOUT_RETURN_TYPE = YES_ERROR;
				GCC_WARN_UNDECLARED_SELECTOR = YES;
				GCC_WARN_UNINITIALIZED_AUTOS = YES_AGGRESSIVE;
				GCC_WARN_UNUSED_FUNCTION = YES;
				GCC_WARN_UNUSED_VARIABLE = YES;
				IPHONEOS_DEPLOYMENT_TARGET = 17.0;
				LOCALIZATION_PREFERS_STRING_CATALOGS = YES;
				MTL_ENABLE_DEBUG_INFO = INCLUDE_SOURCE;
				MTL_FAST_MATH = YES;
				ONLY_ACTIVE_ARCH = YES;
				SDKROOT = iphoneos;
				SWIFT_ACTIVE_COMPILATION_CONDITIONS = "DEBUG $(inherited)";
				SWIFT_OPTIMIZATION_LEVEL = "-Onone";
			};
			name = Debug;
		};
		AAA0000053 /* Release */ = {
			isa = XCBuildConfiguration;
			buildSettings = {
				ALWAYS_SEARCH_USER_PATHS = NO;
				ASSETCATALOG_COMPILER_GENERATE_SWIFT_ASSET_SYMBOL_EXTENSIONS = YES;
				CLANG_ANALYZER_NONNULL = YES;
				CLANG_ANALYZER_NUMBER_OBJECT_CONVERSION = YES_AGGRESSIVE;
				CLANG_CXX_LANGUAGE_STANDARD = "gnu++20";
				CLANG_ENABLE_MODULES = YES;
				CLANG_ENABLE_OBJC_ARC = YES;
				CLANG_ENABLE_OBJC_WEAK = YES;
				CLANG_WARN_BLOCK_CAPTURE_AUTORELEASING = YES;
				CLANG_WARN_BOOL_CONVERSION = YES;
				CLANG_WARN_COMMA = YES;
				CLANG_WARN_CONSTANT_CONVERSION = YES;
				CLANG_WARN_DEPRECATED_OBJC_IMPLEMENTATIONS = YES;
				CLANG_WARN_DIRECT_OBJC_ISA_USAGE = YES_ERROR;
				CLANG_WARN_DOCUMENTATION_COMMENTS = YES;
				CLANG_WARN_EMPTY_BODY = YES;
				CLANG_WARN_ENUM_CONVERSION = YES;
				CLANG_WARN_INFINITE_RECURSION = YES;
				CLANG_WARN_INT_CONVERSION = YES;
				CLANG_WARN_NON_LITERAL_NULL_CONVERSION = YES;
				CLANG_WARN_OBJC_IMPLICIT_RETAIN_SELF = YES;
				CLANG_WARN_OBJC_LITERAL_CONVERSION = YES;
				CLANG_WARN_OBJC_ROOT_CLASS = YES_ERROR;
				CLANG_WARN_QUOTED_INCLUDE_IN_FRAMEWORK_HEADER = YES;
				CLANG_WARN_RANGE_LOOP_ANALYSIS = YES;
				CLANG_WARN_STRICT_PROTOTYPES = YES;
				CLANG_WARN_SUSPICIOUS_MOVE = YES;
				CLANG_WARN_UNGUARDED_AVAILABILITY = YES_AGGRESSIVE;
				CLANG_WARN_UNREACHABLE_CODE = YES;
				CLANG_WARN__DUPLICATE_METHOD_MATCH = YES;
				COPY_PHASE_STRIP = NO;
				DEBUG_INFORMATION_FORMAT = "dwarf-with-dsym";
				ENABLE_NS_ASSERTIONS = NO;
				ENABLE_STRICT_OBJC_MSGSEND = YES;
				ENABLE_USER_SCRIPT_SANDBOXING = YES;
				GCC_C_LANGUAGE_STANDARD = gnu17;
				GCC_NO_COMMON_BLOCKS = YES;
				GCC_WARN_64_TO_32_BIT_CONVERSION = YES;
				GCC_WARN_ABOUT_RETURN_TYPE = YES_ERROR;
				GCC_WARN_UNDECLARED_SELECTOR = YES;
				GCC_WARN_UNINITIALIZED_AUTOS = YES_AGGRESSIVE;
				GCC_WARN_UNUSED_FUNCTION = YES;
				GCC_WARN_UNUSED_VARIABLE = YES;
				IPHONEOS_DEPLOYMENT_TARGET = 17.0;
				LOCALIZATION_PREFERS_STRING_CATALOGS = YES;
				MTL_ENABLE_DEBUG_INFO = NO;
				MTL_FAST_MATH = YES;
				SDKROOT = iphoneos;
				SWIFT_COMPILATION_MODE = wholemodule;
				VALIDATE_PRODUCT = YES;
			};
			name = Release;
		};
		AAA0000054 /* Debug */ = {
			isa = XCBuildConfiguration;
			buildSettings = {
				ASSETCATALOG_COMPILER_APPICON_NAME = AppIcon;
				ASSETCATALOG_COMPILER_GLOBAL_ACCENT_COLOR_NAME = AccentColor;
				CODE_SIGN_ENTITLEMENTS = StarMate/StarMateApp.entitlements;
				CODE_SIGN_STYLE = Automatic;
				CURRENT_PROJECT_VERSION = 1;
				DEVELOPMENT_TEAM = "";
				ENABLE_PREVIEWS = YES;
				GENERATE_INFOPLIST_FILE = YES;
				INFOPLIST_FILE = StarMate/Info.plist;
				INFOPLIST_KEY_CFBundleDisplayName = StarMate;
				INFOPLIST_KEY_LSApplicationCategoryType = "public.app-category.utilities";
				INFOPLIST_KEY_UIApplicationSceneManifest_Generation = YES;
				INFOPLIST_KEY_UIApplicationSupportsIndirectInputEvents = YES;
				INFOPLIST_KEY_UILaunchScreen_Generation = YES;
				INFOPLIST_KEY_UISupportedInterfaceOrientations_iPad = "UIInterfaceOrientationPortrait UIInterfaceOrientationPortraitUpsideDown UIInterfaceOrientationLandscapeLeft UIInterfaceOrientationLandscapeRight";
				INFOPLIST_KEY_UISupportedInterfaceOrientations_iPhone = UIInterfaceOrientationPortrait;
				LD_RUNPATH_SEARCH_PATHS = (
					"$(inherited)",
					"@executable_path/Frameworks",
				);
				MARKETING_VERSION = 1.0;
				PRODUCT_BUNDLE_IDENTIFIER = com.starmate.app;
				PRODUCT_NAME = "$(TARGET_NAME)";
				SWIFT_EMIT_LOC_STRINGS = YES;
				SWIFT_VERSION = 5.0;
				TARGETED_DEVICE_FAMILY = "1,2";
			};
			name = Debug;
		};
		AAA0000055 /* Release */ = {
			isa = XCBuildConfiguration;
			buildSettings = {
				ASSETCATALOG_COMPILER_APPICON_NAME = AppIcon;
				ASSETCATALOG_COMPILER_GLOBAL_ACCENT_COLOR_NAME = AccentColor;
				CODE_SIGN_ENTITLEMENTS = StarMate/StarMateApp.entitlements;
				CODE_SIGN_STYLE = Automatic;
				CURRENT_PROJECT_VERSION = 1;
				DEVELOPMENT_TEAM = "";
				ENABLE_PREVIEWS = YES;
				GENERATE_INFOPLIST_FILE = YES;
				INFOPLIST_FILE = StarMate/Info.plist;
				INFOPLIST_KEY_CFBundleDisplayName = StarMate;
				INFOPLIST_KEY_LSApplicationCategoryType = "public.app-category.utilities";
				INFOPLIST_KEY_UIApplicationSceneManifest_Generation = YES;
				INFOPLIST_KEY_UIApplicationSupportsIndirectInputEvents = YES;
				INFOPLIST_KEY_UILaunchScreen_Generation = YES;
				INFOPLIST_KEY_UISupportedInterfaceOrientations_iPad = "UIInterfaceOrientationPortrait UIInterfaceOrientationPortraitUpsideDown UIInterfaceOrientationLandscapeLeft UIInterfaceOrientationLandscapeRight";
				INFOPLIST_KEY_UISupportedInterfaceOrientations_iPhone = UIInterfaceOrientationPortrait;
				LD_RUNPATH_SEARCH_PATHS = (
					"$(inherited)",
					"@executable_path/Frameworks",
				);
				MARKETING_VERSION = 1.0;
				PRODUCT_BUNDLE_IDENTIFIER = com.starmate.app;
				PRODUCT_NAME = "$(TARGET_NAME)";
				SWIFT_EMIT_LOC_STRINGS = YES;
				SWIFT_VERSION = 5.0;
				TARGETED_DEVICE_FAMILY = "1,2";
			};
			name = Release;
		};
/* End XCBuildConfiguration section */

/* Begin XCConfigurationList section */
		AAA0000047 /* Build configuration list for PBXNativeTarget "StarMate" */ = {
			isa = XCConfigurationList;
			buildConfigurations = (
				AAA0000054 /* Debug */,
				AAA0000055 /* Release */,
			);
			defaultConfigurationIsVisible = 0;
			defaultConfigurationName = Release;
		};
		AAA0000051 /* Build configuration list for PBXProject "StarMate" */ = {
			isa = XCConfigurationList;
			buildConfigurations = (
				AAA0000052 /* Debug */,
				AAA0000053 /* Release */,
			);
			defaultConfigurationIsVisible = 0;
			defaultConfigurationName = Release;
		};
/* End XCConfigurationList section */
	};
	rootObject = AAA0000050 /* Project object */;
}
